
Microsoft Visual Studio Solution File, Format Version 12.00
# Visual Studio 15
VisualStudioVersion = 15.0.27703.2026
MinimumVisualStudioVersion = 10.0.40219.1
Project("{FAE04EC0-301F-11D3-BF4B-00C04F79EFBC}") = "addressbook-web-tests", "addressbook-web-tests\addressbook-web-tests.csproj", "{80AA943E-4771-49B3-A270-EB1F164BF812}"
EndProject
Global
	GlobalSection(SolutionConfigurationPlatforms) = preSolution
		Debug|Any CPU = Debug|Any CPU
		Release|Any CPU = Release|Any CPU
	EndGlobalSection
	GlobalSection(ProjectConfigurationPlatforms) = postSolution
		{80AA943E-4771-49B3-A270-EB1F164BF812}.Debug|Any CPU.ActiveCfg = Debug|Any CPU
		{80AA943E-4771-49B3-A270-EB1F164BF812}.Debug|Any CPU.Build.0 = Debug|Any CPU
		{80AA943E-4771-49B3-A270-EB1F164BF812}.Release|Any CPU.ActiveCfg = Release|Any CPU
		{80AA943E-4771-49B3-A270-EB1F164BF812}.Release|Any CPU.Build.0 = Release|Any CPU
	EndGlobalSection
	GlobalSection(SolutionProperties) = preSolution
		HideSolutionNode = FALSE
	EndGlobalSection
	GlobalSection(ExtensibilityGlobals) = postSolution
		SolutionGuid = {4B0ECBBF-B2EC-4D67-8AEB-CF871316A00A}
	EndGlobalSection
EndGlobal
